
Microsoft Visual Studio Solution File, Format Version 12.00
# Visual Studio Version 16
VisualStudioVersion = 16.0.30804.86
MinimumVisualStudioVersion = 10.0.40219.1
Project("{FAE04EC0-301F-11D3-BF4B-00C04F79EFBC}") = "DdManager.Sensor", "DdManager.Sensor.csproj", "{FDE4049F-2F41-4791-B2DB-B92EE2DBD044}"
EndProject
Global
	GlobalSection(SolutionConfigurationPlatforms) = preSolution
		Debug|Any CPU = Debug|Any CPU
		Release|Any CPU = Release|Any CPU
	EndGlobalSection
	GlobalSection(ProjectConfigurationPlatforms) = postSolution
		{FDE4049F-2F41-4791-B2DB-B92EE2DBD044}.Debug|Any CPU.ActiveCfg = Debug|Any CPU
		{FDE4049F-2F41-4791-B2DB-B92EE2DBD044}.Debug|Any CPU.Build.0 = Debug|Any CPU
		{FDE4049F-2F41-4791-B2DB-B92EE2DBD044}.Release|Any CPU.ActiveCfg = Release|Any CPU
		{FDE4049F-2F41-4791-B2DB-B92EE2DBD044}.Release|Any CPU.Build.0 = Release|Any CPU
	EndGlobalSection
	GlobalSection(SolutionProperties) = preSolution
		HideSolutionNode = FALSE
	EndGlobalSection
	GlobalSection(ExtensibilityGlobals) = postSolution
		SolutionGuid = {3026390B-F0F2-4BCB-BC27-3708E68F5846}
	EndGlobalSection
EndGlobal
